
Microsoft Visual Studio Solution File, Format Version 12.00
Project("{2150E333-8FDC-42A3-9474-1A3956D46DE8}") = "Server", "Server", "{57B040D8-B16D-4DF2-80EE-8660096692D9}"
EndProject
Project("{2150E333-8FDC-42A3-9474-1A3956D46DE8}") = "Common", "Common", "{2A7991CA-48A7-406B-A87A-75A259D8717A}"
EndProject
Project("{2150E333-8FDC-42A3-9474-1A3956D46DE8}") = "Services", "Services", "{B299842D-70DA-40D0-B83E-F72F4FBFEB3B}"
EndProject
Project("{FAE04EC0-301F-11D3-BF4B-00C04F79EFBC}") = "Eternal.Server.Host", "Server\Eternal.Server.Host\Eternal.Server.Host.csproj", "{27A1153A-2644-46E7-AF5D-9A9972EB66DD}"
EndProject
Project("{FAE04EC0-301F-11D3-BF4B-00C04F79EFBC}") = "Eternal.Server.Configuration", "Server\Eternal.Server.Configuration\Eternal.Server.Configuration.csproj", "{C776D95C-7F55-41C2-A6D6-3D7FD166D0A7}"
EndProject
Project("{FAE04EC0-301F-11D3-BF4B-00C04F79EFBC}") = "Eternal.Common.Logging", "Common\Eternal.Common.Logging\Eternal.Common.Logging.csproj", "{0F50EE29-CCAB-40BD-9173-9AB331C2A69F}"
EndProject
Project("{FAE04EC0-301F-11D3-BF4B-00C04F79EFBC}") = "Eternal.Common.Cryptography", "Common\Eternal.Common.Cryptography\Eternal.Common.Cryptography.csproj", "{A5BD92A0-88C8-4BDD-97C8-7C0F5F14C25A}"
EndProject
Project("{2150E333-8FDC-42A3-9474-1A3956D46DE8}") = "Api", "Api", "{B281BE3B-FB67-420D-BB7F-FBC6D02310D3}"
EndProject
Project("{FAE04EC0-301F-11D3-BF4B-00C04F79EFBC}") = "Eternal.Api.Network", "Api\Eternal.Api.Network\Eternal.Api.Network.csproj", "{BB00692B-DEC6-4E30-AB02-F5B7DEC0587F}"
EndProject
Project("{FAE04EC0-301F-11D3-BF4B-00C04F79EFBC}") = "Eternal.Common.Service", "Common\Eternal.Common.Service\Eternal.Common.Service.csproj", "{37B12C0A-D5A2-4047-AEE0-9F0831589D4F}"
EndProject
Project("{FAE04EC0-301F-11D3-BF4B-00C04F79EFBC}") = "Eternal.Service.Login", "Server\Services\Eternal.Service.Login\Eternal.Service.Login.csproj", "{21AE486F-F2F7-4FBC-83D0-CFA0C887F384}"
EndProject
Project("{FAE04EC0-301F-11D3-BF4B-00C04F79EFBC}") = "Eternal.Api.Utility", "Api\Eternal.Api.Utility\Eternal.Api.Utility.csproj", "{83344FDB-5306-4055-B927-09530C907AC2}"
EndProject
Project("{FAE04EC0-301F-11D3-BF4B-00C04F79EFBC}") = "Eternal.Api.Service", "Api\Eternal.Api.Service\Eternal.Api.Service.csproj", "{D291CE4E-D5D6-4B3B-9F19-19A01F7A44D2}"
EndProject
Project("{FAE04EC0-301F-11D3-BF4B-00C04F79EFBC}") = "Eternal.Common.Network", "Common\Eternal.Common.Network\Eternal.Common.Network.csproj", "{49AB3D25-EFD7-4384-9BDC-2F1945B04C4C}"
EndProject
Project("{FAE04EC0-301F-11D3-BF4B-00C04F79EFBC}") = "Eternal.Api.Operations", "Api\Eternal.Api.Operations\Eternal.Api.Operations.csproj", "{A5B90555-9445-4011-B2FD-00369813A245}"
EndProject
Project("{2150E333-8FDC-42A3-9474-1A3956D46DE8}") = "Client", "Client", "{72C78CA2-26AD-4401-A46E-CF30221E83E0}"
EndProject
Project("{FAE04EC0-301F-11D3-BF4B-00C04F79EFBC}") = "Eternal.Client.Dll", "Client\Eternal.Client.Dll\Eternal.Client.Dll.csproj", "{1CFA8C03-1BF0-4125-8E6F-8925896B7AA7}"
EndProject
Global
	GlobalSection(SolutionConfigurationPlatforms) = preSolution
		Debug|Any CPU = Debug|Any CPU
		Release|Any CPU = Release|Any CPU
	EndGlobalSection
	GlobalSection(NestedProjects) = preSolution
		{B299842D-70DA-40D0-B83E-F72F4FBFEB3B} = {57B040D8-B16D-4DF2-80EE-8660096692D9}
		{27A1153A-2644-46E7-AF5D-9A9972EB66DD} = {57B040D8-B16D-4DF2-80EE-8660096692D9}
		{C776D95C-7F55-41C2-A6D6-3D7FD166D0A7} = {57B040D8-B16D-4DF2-80EE-8660096692D9}
		{0F50EE29-CCAB-40BD-9173-9AB331C2A69F} = {2A7991CA-48A7-406B-A87A-75A259D8717A}
		{A5BD92A0-88C8-4BDD-97C8-7C0F5F14C25A} = {2A7991CA-48A7-406B-A87A-75A259D8717A}
		{BB00692B-DEC6-4E30-AB02-F5B7DEC0587F} = {B281BE3B-FB67-420D-BB7F-FBC6D02310D3}
		{37B12C0A-D5A2-4047-AEE0-9F0831589D4F} = {2A7991CA-48A7-406B-A87A-75A259D8717A}
		{21AE486F-F2F7-4FBC-83D0-CFA0C887F384} = {B299842D-70DA-40D0-B83E-F72F4FBFEB3B}
		{83344FDB-5306-4055-B927-09530C907AC2} = {B281BE3B-FB67-420D-BB7F-FBC6D02310D3}
		{D291CE4E-D5D6-4B3B-9F19-19A01F7A44D2} = {B281BE3B-FB67-420D-BB7F-FBC6D02310D3}
		{49AB3D25-EFD7-4384-9BDC-2F1945B04C4C} = {2A7991CA-48A7-406B-A87A-75A259D8717A}
		{A5B90555-9445-4011-B2FD-00369813A245} = {B281BE3B-FB67-420D-BB7F-FBC6D02310D3}
		{1CFA8C03-1BF0-4125-8E6F-8925896B7AA7} = {72C78CA2-26AD-4401-A46E-CF30221E83E0}
	EndGlobalSection
	GlobalSection(ProjectConfigurationPlatforms) = postSolution
		{27A1153A-2644-46E7-AF5D-9A9972EB66DD}.Debug|Any CPU.ActiveCfg = Debug|Any CPU
		{27A1153A-2644-46E7-AF5D-9A9972EB66DD}.Debug|Any CPU.Build.0 = Debug|Any CPU
		{27A1153A-2644-46E7-AF5D-9A9972EB66DD}.Release|Any CPU.ActiveCfg = Release|Any CPU
		{27A1153A-2644-46E7-AF5D-9A9972EB66DD}.Release|Any CPU.Build.0 = Release|Any CPU
		{C776D95C-7F55-41C2-A6D6-3D7FD166D0A7}.Debug|Any CPU.ActiveCfg = Debug|Any CPU
		{C776D95C-7F55-41C2-A6D6-3D7FD166D0A7}.Debug|Any CPU.Build.0 = Debug|Any CPU
		{C776D95C-7F55-41C2-A6D6-3D7FD166D0A7}.Release|Any CPU.ActiveCfg = Release|Any CPU
		{C776D95C-7F55-41C2-A6D6-3D7FD166D0A7}.Release|Any CPU.Build.0 = Release|Any CPU
		{0F50EE29-CCAB-40BD-9173-9AB331C2A69F}.Debug|Any CPU.ActiveCfg = Debug|Any CPU
		{0F50EE29-CCAB-40BD-9173-9AB331C2A69F}.Debug|Any CPU.Build.0 = Debug|Any CPU
		{0F50EE29-CCAB-40BD-9173-9AB331C2A69F}.Release|Any CPU.ActiveCfg = Release|Any CPU
		{0F50EE29-CCAB-40BD-9173-9AB331C2A69F}.Release|Any CPU.Build.0 = Release|Any CPU
		{A5BD92A0-88C8-4BDD-97C8-7C0F5F14C25A}.Debug|Any CPU.ActiveCfg = Debug|Any CPU
		{A5BD92A0-88C8-4BDD-97C8-7C0F5F14C25A}.Debug|Any CPU.Build.0 = Debug|Any CPU
		{A5BD92A0-88C8-4BDD-97C8-7C0F5F14C25A}.Release|Any CPU.ActiveCfg = Release|Any CPU
		{A5BD92A0-88C8-4BDD-97C8-7C0F5F14C25A}.Release|Any CPU.Build.0 = Release|Any CPU
		{BB00692B-DEC6-4E30-AB02-F5B7DEC0587F}.Debug|Any CPU.ActiveCfg = Debug|Any CPU
		{BB00692B-DEC6-4E30-AB02-F5B7DEC0587F}.Debug|Any CPU.Build.0 = Debug|Any CPU
		{BB00692B-DEC6-4E30-AB02-F5B7DEC0587F}.Release|Any CPU.ActiveCfg = Release|Any CPU
		{BB00692B-DEC6-4E30-AB02-F5B7DEC0587F}.Release|Any CPU.Build.0 = Release|Any CPU
		{37B12C0A-D5A2-4047-AEE0-9F0831589D4F}.Debug|Any CPU.ActiveCfg = Debug|Any CPU
		{37B12C0A-D5A2-4047-AEE0-9F0831589D4F}.Debug|Any CPU.Build.0 = Debug|Any CPU
		{37B12C0A-D5A2-4047-AEE0-9F0831589D4F}.Release|Any CPU.ActiveCfg = Release|Any CPU
		{37B12C0A-D5A2-4047-AEE0-9F0831589D4F}.Release|Any CPU.Build.0 = Release|Any CPU
		{21AE486F-F2F7-4FBC-83D0-CFA0C887F384}.Debug|Any CPU.ActiveCfg = Debug|Any CPU
		{21AE486F-F2F7-4FBC-83D0-CFA0C887F384}.Debug|Any CPU.Build.0 = Debug|Any CPU
		{21AE486F-F2F7-4FBC-83D0-CFA0C887F384}.Release|Any CPU.ActiveCfg = Release|Any CPU
		{21AE486F-F2F7-4FBC-83D0-CFA0C887F384}.Release|Any CPU.Build.0 = Release|Any CPU
		{83344FDB-5306-4055-B927-09530C907AC2}.Debug|Any CPU.ActiveCfg = Debug|Any CPU
		{83344FDB-5306-4055-B927-09530C907AC2}.Debug|Any CPU.Build.0 = Debug|Any CPU
		{83344FDB-5306-4055-B927-09530C907AC2}.Release|Any CPU.ActiveCfg = Release|Any CPU
		{83344FDB-5306-4055-B927-09530C907AC2}.Release|Any CPU.Build.0 = Release|Any CPU
		{D291CE4E-D5D6-4B3B-9F19-19A01F7A44D2}.Debug|Any CPU.ActiveCfg = Debug|Any CPU
		{D291CE4E-D5D6-4B3B-9F19-19A01F7A44D2}.Debug|Any CPU.Build.0 = Debug|Any CPU
		{D291CE4E-D5D6-4B3B-9F19-19A01F7A44D2}.Release|Any CPU.ActiveCfg = Release|Any CPU
		{D291CE4E-D5D6-4B3B-9F19-19A01F7A44D2}.Release|Any CPU.Build.0 = Release|Any CPU
		{49AB3D25-EFD7-4384-9BDC-2F1945B04C4C}.Debug|Any CPU.ActiveCfg = Debug|Any CPU
		{49AB3D25-EFD7-4384-9BDC-2F1945B04C4C}.Debug|Any CPU.Build.0 = Debug|Any CPU
		{49AB3D25-EFD7-4384-9BDC-2F1945B04C4C}.Release|Any CPU.ActiveCfg = Release|Any CPU
		{49AB3D25-EFD7-4384-9BDC-2F1945B04C4C}.Release|Any CPU.Build.0 = Release|Any CPU
		{A5B90555-9445-4011-B2FD-00369813A245}.Debug|Any CPU.ActiveCfg = Debug|Any CPU
		{A5B90555-9445-4011-B2FD-00369813A245}.Debug|Any CPU.Build.0 = Debug|Any CPU
		{A5B90555-9445-4011-B2FD-00369813A245}.Release|Any CPU.ActiveCfg = Release|Any CPU
		{A5B90555-9445-4011-B2FD-00369813A245}.Release|Any CPU.Build.0 = Release|Any CPU
		{1CFA8C03-1BF0-4125-8E6F-8925896B7AA7}.Debug|Any CPU.ActiveCfg = Debug|Any CPU
		{1CFA8C03-1BF0-4125-8E6F-8925896B7AA7}.Debug|Any CPU.Build.0 = Debug|Any CPU
		{1CFA8C03-1BF0-4125-8E6F-8925896B7AA7}.Release|Any CPU.ActiveCfg = Release|Any CPU
		{1CFA8C03-1BF0-4125-8E6F-8925896B7AA7}.Release|Any CPU.Build.0 = Release|Any CPU
	EndGlobalSection
EndGlobal
